
Microsoft Visual Studio Solution File, Format Version 12.00
# Visual Studio 2013
VisualStudioVersion = 12.0.21005.1
MinimumVisualStudioVersion = 10.0.40219.1
Project("{2150E333-8FDC-42A3-9474-1A3956D46DE8}") = "ExternalProjects", "ExternalProjects", "{0694EFE9-2ACB-4FB7-85C3-2661ADB893D2}"
EndProject
Project("{2150E333-8FDC-42A3-9474-1A3956D46DE8}") = "AUPPRB.DAL", "AUPPRB.DAL", "{00348084-E361-4A93-89B0-79733DE458A8}"
EndProject
Project("{2150E333-8FDC-42A3-9474-1A3956D46DE8}") = "AUPPRB.WEB", "AUPPRB.WEB", "{B4553C65-AFB4-42F8-AC41-E42EB68174CE}"
EndProject
Project("{2150E333-8FDC-42A3-9474-1A3956D46DE8}") = "AUPPRB.BLL", "AUPPRB.BLL", "{1B84443B-0BC4-4B9B-B363-5BDC42665C4A}"
EndProject
Project("{FAE04EC0-301F-11D3-BF4B-00C04F79EFBC}") = "AUPPRB.Common", "AUPPRB.BLL\AUPPRB.Common\AUPPRB.Common.csproj", "{107DEFD3-0AB8-4D0A-AE3C-0D571211157F}"
EndProject
Project("{FAE04EC0-301F-11D3-BF4B-00C04F79EFBC}") = "AUPPRB.Domain", "AUPPRB.BLL\AUPPRB.Domain\AUPPRB.Domain.csproj", "{DB62D43C-9D18-4505-B63C-788FDD7F03D9}"
EndProject
Project("{FAE04EC0-301F-11D3-BF4B-00C04F79EFBC}") = "AUPPRB.Models", "AUPPRB.BLL\AUPPRB.Models\AUPPRB.Models.csproj", "{B6495462-153C-48FA-B1CD-56EB16F7EEC9}"
	ProjectSection(ProjectDependencies) = postProject
		{107DEFD3-0AB8-4D0A-AE3C-0D571211157F} = {107DEFD3-0AB8-4D0A-AE3C-0D571211157F}
	EndProjectSection
EndProject
Project("{FAE04EC0-301F-11D3-BF4B-00C04F79EFBC}") = "AUPPRB.Web.Core", "AUPPRB.BLL\AUPPRB.Web.Core\AUPPRB.Web.Core.csproj", "{039B9E13-E6BE-45C8-A0D4-E291414BFA56}"
	ProjectSection(ProjectDependencies) = postProject
		{B6495462-153C-48FA-B1CD-56EB16F7EEC9} = {B6495462-153C-48FA-B1CD-56EB16F7EEC9}
		{AC0C75A8-A123-4927-9EFB-DB170ED204B9} = {AC0C75A8-A123-4927-9EFB-DB170ED204B9}
		{107DEFD3-0AB8-4D0A-AE3C-0D571211157F} = {107DEFD3-0AB8-4D0A-AE3C-0D571211157F}
	EndProjectSection
EndProject
Project("{FAE04EC0-301F-11D3-BF4B-00C04F79EFBC}") = "AUPPRB.Repository", "AUPPRB.DAL\AUPPRB.Repository\AUPPRB.Repository.csproj", "{AC0C75A8-A123-4927-9EFB-DB170ED204B9}"
	ProjectSection(ProjectDependencies) = postProject
		{B6495462-153C-48FA-B1CD-56EB16F7EEC9} = {B6495462-153C-48FA-B1CD-56EB16F7EEC9}
		{107DEFD3-0AB8-4D0A-AE3C-0D571211157F} = {107DEFD3-0AB8-4D0A-AE3C-0D571211157F}
		{1B2E40D4-7399-4456-B985-35DE2AE937D3} = {1B2E40D4-7399-4456-B985-35DE2AE937D3}
	EndProjectSection
EndProject
Project("{FAE04EC0-301F-11D3-BF4B-00C04F79EFBC}") = "AUPPRB.SqlEFEntities", "AUPPRB.DAL\AUPPRB.SqlEFEntities\AUPPRB.SqlEFEntities.csproj", "{1B2E40D4-7399-4456-B985-35DE2AE937D3}"
	ProjectSection(ProjectDependencies) = postProject
		{B6495462-153C-48FA-B1CD-56EB16F7EEC9} = {B6495462-153C-48FA-B1CD-56EB16F7EEC9}
	EndProjectSection
EndProject
Project("{FAE04EC0-301F-11D3-BF4B-00C04F79EFBC}") = "AUPPRB.Web", "AUPPRB.WEB\AUPPRB.Web\AUPPRB.Web.csproj", "{DC7982EF-8125-4B1D-87B8-CFBAA2E1AA16}"
EndProject
Project("{FAE04EC0-301F-11D3-BF4B-00C04F79EFBC}") = "Trirand.Web.Mvc", "ExternalProjects\JqGridSources\Trirand.Web.Mvc.csproj", "{35BADC5A-7BBF-4359-B1B7-AFBF2CF3B64C}"
EndProject
Global
	GlobalSection(SolutionConfigurationPlatforms) = preSolution
		Debug|Any CPU = Debug|Any CPU
		Debug|x86 = Debug|x86
		Release|Any CPU = Release|Any CPU
		Release|x86 = Release|x86
	EndGlobalSection
	GlobalSection(ProjectConfigurationPlatforms) = postSolution
		{107DEFD3-0AB8-4D0A-AE3C-0D571211157F}.Debug|Any CPU.ActiveCfg = Debug|Any CPU
		{107DEFD3-0AB8-4D0A-AE3C-0D571211157F}.Debug|Any CPU.Build.0 = Debug|Any CPU
		{107DEFD3-0AB8-4D0A-AE3C-0D571211157F}.Debug|x86.ActiveCfg = Debug|Any CPU
		{107DEFD3-0AB8-4D0A-AE3C-0D571211157F}.Release|Any CPU.ActiveCfg = Release|Any CPU
		{107DEFD3-0AB8-4D0A-AE3C-0D571211157F}.Release|Any CPU.Build.0 = Release|Any CPU
		{107DEFD3-0AB8-4D0A-AE3C-0D571211157F}.Release|x86.ActiveCfg = Release|Any CPU
		{DB62D43C-9D18-4505-B63C-788FDD7F03D9}.Debug|Any CPU.ActiveCfg = Debug|Any CPU
		{DB62D43C-9D18-4505-B63C-788FDD7F03D9}.Debug|Any CPU.Build.0 = Debug|Any CPU
		{DB62D43C-9D18-4505-B63C-788FDD7F03D9}.Debug|x86.ActiveCfg = Debug|Any CPU
		{DB62D43C-9D18-4505-B63C-788FDD7F03D9}.Release|Any CPU.ActiveCfg = Release|Any CPU
		{DB62D43C-9D18-4505-B63C-788FDD7F03D9}.Release|Any CPU.Build.0 = Release|Any CPU
		{DB62D43C-9D18-4505-B63C-788FDD7F03D9}.Release|x86.ActiveCfg = Release|Any CPU
		{B6495462-153C-48FA-B1CD-56EB16F7EEC9}.Debug|Any CPU.ActiveCfg = Debug|Any CPU
		{B6495462-153C-48FA-B1CD-56EB16F7EEC9}.Debug|Any CPU.Build.0 = Debug|Any CPU
		{B6495462-153C-48FA-B1CD-56EB16F7EEC9}.Debug|x86.ActiveCfg = Debug|Any CPU
		{B6495462-153C-48FA-B1CD-56EB16F7EEC9}.Release|Any CPU.ActiveCfg = Release|Any CPU
		{B6495462-153C-48FA-B1CD-56EB16F7EEC9}.Release|Any CPU.Build.0 = Release|Any CPU
		{B6495462-153C-48FA-B1CD-56EB16F7EEC9}.Release|x86.ActiveCfg = Release|Any CPU
		{039B9E13-E6BE-45C8-A0D4-E291414BFA56}.Debug|Any CPU.ActiveCfg = Debug|Any CPU
		{039B9E13-E6BE-45C8-A0D4-E291414BFA56}.Debug|Any CPU.Build.0 = Debug|Any CPU
		{039B9E13-E6BE-45C8-A0D4-E291414BFA56}.Debug|x86.ActiveCfg = Debug|Any CPU
		{039B9E13-E6BE-45C8-A0D4-E291414BFA56}.Release|Any CPU.ActiveCfg = Release|Any CPU
		{039B9E13-E6BE-45C8-A0D4-E291414BFA56}.Release|Any CPU.Build.0 = Release|Any CPU
		{039B9E13-E6BE-45C8-A0D4-E291414BFA56}.Release|x86.ActiveCfg = Release|Any CPU
		{AC0C75A8-A123-4927-9EFB-DB170ED204B9}.Debug|Any CPU.ActiveCfg = Debug|Any CPU
		{AC0C75A8-A123-4927-9EFB-DB170ED204B9}.Debug|Any CPU.Build.0 = Debug|Any CPU
		{AC0C75A8-A123-4927-9EFB-DB170ED204B9}.Debug|x86.ActiveCfg = Debug|Any CPU
		{AC0C75A8-A123-4927-9EFB-DB170ED204B9}.Release|Any CPU.ActiveCfg = Release|Any CPU
		{AC0C75A8-A123-4927-9EFB-DB170ED204B9}.Release|Any CPU.Build.0 = Release|Any CPU
		{AC0C75A8-A123-4927-9EFB-DB170ED204B9}.Release|x86.ActiveCfg = Release|Any CPU
		{1B2E40D4-7399-4456-B985-35DE2AE937D3}.Debug|Any CPU.ActiveCfg = Debug|Any CPU
		{1B2E40D4-7399-4456-B985-35DE2AE937D3}.Debug|Any CPU.Build.0 = Debug|Any CPU
		{1B2E40D4-7399-4456-B985-35DE2AE937D3}.Debug|x86.ActiveCfg = Debug|Any CPU
		{1B2E40D4-7399-4456-B985-35DE2AE937D3}.Release|Any CPU.ActiveCfg = Release|Any CPU
		{1B2E40D4-7399-4456-B985-35DE2AE937D3}.Release|Any CPU.Build.0 = Release|Any CPU
		{1B2E40D4-7399-4456-B985-35DE2AE937D3}.Release|x86.ActiveCfg = Release|Any CPU
		{DC7982EF-8125-4B1D-87B8-CFBAA2E1AA16}.Debug|Any CPU.ActiveCfg = Debug|Any CPU
		{DC7982EF-8125-4B1D-87B8-CFBAA2E1AA16}.Debug|Any CPU.Build.0 = Debug|Any CPU
		{DC7982EF-8125-4B1D-87B8-CFBAA2E1AA16}.Debug|x86.ActiveCfg = Debug|Any CPU
		{DC7982EF-8125-4B1D-87B8-CFBAA2E1AA16}.Release|Any CPU.ActiveCfg = Release|Any CPU
		{DC7982EF-8125-4B1D-87B8-CFBAA2E1AA16}.Release|Any CPU.Build.0 = Release|Any CPU
		{DC7982EF-8125-4B1D-87B8-CFBAA2E1AA16}.Release|x86.ActiveCfg = Release|Any CPU
		{35BADC5A-7BBF-4359-B1B7-AFBF2CF3B64C}.Debug|Any CPU.ActiveCfg = Debug|Any CPU
		{35BADC5A-7BBF-4359-B1B7-AFBF2CF3B64C}.Debug|Any CPU.Build.0 = Debug|Any CPU
		{35BADC5A-7BBF-4359-B1B7-AFBF2CF3B64C}.Debug|x86.ActiveCfg = Debug|x86
		{35BADC5A-7BBF-4359-B1B7-AFBF2CF3B64C}.Debug|x86.Build.0 = Debug|x86
		{35BADC5A-7BBF-4359-B1B7-AFBF2CF3B64C}.Release|Any CPU.ActiveCfg = Release|Any CPU
		{35BADC5A-7BBF-4359-B1B7-AFBF2CF3B64C}.Release|Any CPU.Build.0 = Release|Any CPU
		{35BADC5A-7BBF-4359-B1B7-AFBF2CF3B64C}.Release|x86.ActiveCfg = Release|x86
		{35BADC5A-7BBF-4359-B1B7-AFBF2CF3B64C}.Release|x86.Build.0 = Release|x86
	EndGlobalSection
	GlobalSection(SolutionProperties) = preSolution
		HideSolutionNode = FALSE
	EndGlobalSection
	GlobalSection(NestedProjects) = preSolution
		{35BADC5A-7BBF-4359-B1B7-AFBF2CF3B64C} = {0694EFE9-2ACB-4FB7-85C3-2661ADB893D2}
		{AC0C75A8-A123-4927-9EFB-DB170ED204B9} = {00348084-E361-4A93-89B0-79733DE458A8}
		{1B2E40D4-7399-4456-B985-35DE2AE937D3} = {00348084-E361-4A93-89B0-79733DE458A8}
		{DC7982EF-8125-4B1D-87B8-CFBAA2E1AA16} = {B4553C65-AFB4-42F8-AC41-E42EB68174CE}
		{107DEFD3-0AB8-4D0A-AE3C-0D571211157F} = {1B84443B-0BC4-4B9B-B363-5BDC42665C4A}
		{DB62D43C-9D18-4505-B63C-788FDD7F03D9} = {1B84443B-0BC4-4B9B-B363-5BDC42665C4A}
		{B6495462-153C-48FA-B1CD-56EB16F7EEC9} = {1B84443B-0BC4-4B9B-B363-5BDC42665C4A}
		{039B9E13-E6BE-45C8-A0D4-E291414BFA56} = {1B84443B-0BC4-4B9B-B363-5BDC42665C4A}
	EndGlobalSection
EndGlobal
